
Microsoft Visual Studio Solution File, Format Version 12.00
# Visual Studio Version 17
VisualStudioVersion = 17.11.35222.181
MinimumVisualStudioVersion = 10.0.40219.1
Project("{FAE04EC0-301F-11D3-BF4B-00C04F79EFBC}") = "Examples", "Examples.csproj", "{26946743-66DC-4A6B-938A-9970D015BA91}"
EndProject
Global
	GlobalSection(SolutionConfigurationPlatforms) = preSolution
		Debug|Any CPU = Debug|Any CPU
		Release|Any CPU = Release|Any CPU
	EndGlobalSection
	GlobalSection(ProjectConfigurationPlatforms) = postSolution
		{26946743-66DC-4A6B-938A-9970D015BA91}.Debug|Any CPU.ActiveCfg = Debug|Any CPU
		{26946743-66DC-4A6B-938A-9970D015BA91}.Debug|Any CPU.Build.0 = Debug|Any CPU
		{26946743-66DC-4A6B-938A-9970D015BA91}.Release|Any CPU.ActiveCfg = Release|Any CPU
		{26946743-66DC-4A6B-938A-9970D015BA91}.Release|Any CPU.Build.0 = Release|Any CPU
	EndGlobalSection
	GlobalSection(SolutionProperties) = preSolution
		HideSolutionNode = FALSE
	EndGlobalSection
	GlobalSection(ExtensibilityGlobals) = postSolution
		SolutionGuid = {28227A80-5E00-4D89-AFB9-51CB5266E047}
	EndGlobalSection
EndGlobal
